
Microsoft Visual Studio Solution File, Format Version 12.00
# Visual Studio 15
VisualStudioVersion = 15.0.28307.1267
MinimumVisualStudioVersion = 10.0.40219.1
Project("{9A19103F-16F7-4668-BE54-9A1E7A4F7556}") = "KampIntro", "KampIntro\KampIntro.csproj", "{B3EDBF99-9F69-4F35-81C9-6351ACF93E88}"
EndProject
Project("{9A19103F-16F7-4668-BE54-9A1E7A4F7556}") = "Donguler", "Donguler\Donguler.csproj", "{B80B6273-5187-4E34-B953-120D5E343B0D}"
EndProject
Project("{9A19103F-16F7-4668-BE54-9A1E7A4F7556}") = "ClassIntro", "ClassIntro\ClassIntro.csproj", "{01A2F010-414E-47A8-A1C4-FF36FFE4D2EB}"
EndProject
Project("{9A19103F-16F7-4668-BE54-9A1E7A4F7556}") = "Metotlar", "Metotlar\Metotlar.csproj", "{63CD1027-0ECD-4571-A7A4-E2857427807E}"
EndProject
Project("{9A19103F-16F7-4668-BE54-9A1E7A4F7556}") = "Matematik", "Matematik\Matematik.csproj", "{13BCBDC0-002C-47F6-A895-3586563CFC65}"
EndProject
Project("{9A19103F-16F7-4668-BE54-9A1E7A4F7556}") = "DegerVeReferansTipler", "DegerVeReferansTipler\DegerVeReferansTipler.csproj", "{52711062-92FD-4ADC-AF24-0BDD70D46250}"
EndProject
Project("{9A19103F-16F7-4668-BE54-9A1E7A4F7556}") = "OOP1", "OOP1\OOP1.csproj", "{591ADD64-159F-415F-AC01-D940EB96A01C}"
EndProject
Project("{9A19103F-16F7-4668-BE54-9A1E7A4F7556}") = "Koleksiyonlar", "Koleksiyonlar\Koleksiyonlar.csproj", "{56C0E8FA-90AC-42C3-80DA-539AE9B5E200}"
EndProject
Project("{9A19103F-16F7-4668-BE54-9A1E7A4F7556}") = "GenericsIntro", "GenericsIntro\GenericsIntro.csproj", "{7F2324CF-B469-4AAE-AC1B-6772831EF04B}"
EndProject
Project("{FAE04EC0-301F-11D3-BF4B-00C04F79EFBC}") = "OOP2", "OOP2\OOP2.csproj", "{AB4C8803-488A-46F8-8794-2D8BB99D99E0}"
EndProject
Project("{FAE04EC0-301F-11D3-BF4B-00C04F79EFBC}") = "OOP3", "OOP3\OOP3.csproj", "{5E3FEF4F-6004-479D-9571-5B79C6ED5D1D}"
EndProject
Global
	GlobalSection(SolutionConfigurationPlatforms) = preSolution
		Debug|Any CPU = Debug|Any CPU
		Release|Any CPU = Release|Any CPU
	EndGlobalSection
	GlobalSection(ProjectConfigurationPlatforms) = postSolution
		{B3EDBF99-9F69-4F35-81C9-6351ACF93E88}.Debug|Any CPU.ActiveCfg = Debug|Any CPU
		{B3EDBF99-9F69-4F35-81C9-6351ACF93E88}.Debug|Any CPU.Build.0 = Debug|Any CPU
		{B3EDBF99-9F69-4F35-81C9-6351ACF93E88}.Release|Any CPU.ActiveCfg = Release|Any CPU
		{B3EDBF99-9F69-4F35-81C9-6351ACF93E88}.Release|Any CPU.Build.0 = Release|Any CPU
		{B80B6273-5187-4E34-B953-120D5E343B0D}.Debug|Any CPU.ActiveCfg = Debug|Any CPU
		{B80B6273-5187-4E34-B953-120D5E343B0D}.Debug|Any CPU.Build.0 = Debug|Any CPU
		{B80B6273-5187-4E34-B953-120D5E343B0D}.Release|Any CPU.ActiveCfg = Release|Any CPU
		{B80B6273-5187-4E34-B953-120D5E343B0D}.Release|Any CPU.Build.0 = Release|Any CPU
		{01A2F010-414E-47A8-A1C4-FF36FFE4D2EB}.Debug|Any CPU.ActiveCfg = Debug|Any CPU
		{01A2F010-414E-47A8-A1C4-FF36FFE4D2EB}.Debug|Any CPU.Build.0 = Debug|Any CPU
		{01A2F010-414E-47A8-A1C4-FF36FFE4D2EB}.Release|Any CPU.ActiveCfg = Release|Any CPU
		{01A2F010-414E-47A8-A1C4-FF36FFE4D2EB}.Release|Any CPU.Build.0 = Release|Any CPU
		{63CD1027-0ECD-4571-A7A4-E2857427807E}.Debug|Any CPU.ActiveCfg = Debug|Any CPU
		{63CD1027-0ECD-4571-A7A4-E2857427807E}.Debug|Any CPU.Build.0 = Debug|Any CPU
		{63CD1027-0ECD-4571-A7A4-E2857427807E}.Release|Any CPU.ActiveCfg = Release|Any CPU
		{63CD1027-0ECD-4571-A7A4-E2857427807E}.Release|Any CPU.Build.0 = Release|Any CPU
		{13BCBDC0-002C-47F6-A895-3586563CFC65}.Debug|Any CPU.ActiveCfg = Debug|Any CPU
		{13BCBDC0-002C-47F6-A895-3586563CFC65}.Debug|Any CPU.Build.0 = Debug|Any CPU
		{13BCBDC0-002C-47F6-A895-3586563CFC65}.Release|Any CPU.ActiveCfg = Release|Any CPU
		{13BCBDC0-002C-47F6-A895-3586563CFC65}.Release|Any CPU.Build.0 = Release|Any CPU
		{52711062-92FD-4ADC-AF24-0BDD70D46250}.Debug|Any CPU.ActiveCfg = Debug|Any CPU
		{52711062-92FD-4ADC-AF24-0BDD70D46250}.Debug|Any CPU.Build.0 = Debug|Any CPU
		{52711062-92FD-4ADC-AF24-0BDD70D46250}.Release|Any CPU.ActiveCfg = Release|Any CPU
		{52711062-92FD-4ADC-AF24-0BDD70D46250}.Release|Any CPU.Build.0 = Release|Any CPU
		{591ADD64-159F-415F-AC01-D940EB96A01C}.Debug|Any CPU.ActiveCfg = Debug|Any CPU
		{591ADD64-159F-415F-AC01-D940EB96A01C}.Debug|Any CPU.Build.0 = Debug|Any CPU
		{591ADD64-159F-415F-AC01-D940EB96A01C}.Release|Any CPU.ActiveCfg = Release|Any CPU
		{591ADD64-159F-415F-AC01-D940EB96A01C}.Release|Any CPU.Build.0 = Release|Any CPU
		{56C0E8FA-90AC-42C3-80DA-539AE9B5E200}.Debug|Any CPU.ActiveCfg = Debug|Any CPU
		{56C0E8FA-90AC-42C3-80DA-539AE9B5E200}.Debug|Any CPU.Build.0 = Debug|Any CPU
		{56C0E8FA-90AC-42C3-80DA-539AE9B5E200}.Release|Any CPU.ActiveCfg = Release|Any CPU
		{56C0E8FA-90AC-42C3-80DA-539AE9B5E200}.Release|Any CPU.Build.0 = Release|Any CPU
		{7F2324CF-B469-4AAE-AC1B-6772831EF04B}.Debug|Any CPU.ActiveCfg = Debug|Any CPU
		{7F2324CF-B469-4AAE-AC1B-6772831EF04B}.Debug|Any CPU.Build.0 = Debug|Any CPU
		{7F2324CF-B469-4AAE-AC1B-6772831EF04B}.Release|Any CPU.ActiveCfg = Release|Any CPU
		{7F2324CF-B469-4AAE-AC1B-6772831EF04B}.Release|Any CPU.Build.0 = Release|Any CPU
		{AB4C8803-488A-46F8-8794-2D8BB99D99E0}.Debug|Any CPU.ActiveCfg = Debug|Any CPU
		{AB4C8803-488A-46F8-8794-2D8BB99D99E0}.Debug|Any CPU.Build.0 = Debug|Any CPU
		{AB4C8803-488A-46F8-8794-2D8BB99D99E0}.Release|Any CPU.ActiveCfg = Release|Any CPU
		{AB4C8803-488A-46F8-8794-2D8BB99D99E0}.Release|Any CPU.Build.0 = Release|Any CPU
		{5E3FEF4F-6004-479D-9571-5B79C6ED5D1D}.Debug|Any CPU.ActiveCfg = Debug|Any CPU
		{5E3FEF4F-6004-479D-9571-5B79C6ED5D1D}.Debug|Any CPU.Build.0 = Debug|Any CPU
		{5E3FEF4F-6004-479D-9571-5B79C6ED5D1D}.Release|Any CPU.ActiveCfg = Release|Any CPU
		{5E3FEF4F-6004-479D-9571-5B79C6ED5D1D}.Release|Any CPU.Build.0 = Release|Any CPU
	EndGlobalSection
	GlobalSection(SolutionProperties) = preSolution
		HideSolutionNode = FALSE
	EndGlobalSection
	GlobalSection(ExtensibilityGlobals) = postSolution
		SolutionGuid = {C39AD69E-6E44-452A-9D7F-D78CED043B70}
	EndGlobalSection
EndGlobal
